PODS:
  - SDWebImage (5.19.0):
    - SDWebImage/Core (= 5.19.0)
  - SDWebImage/Core (5.19.0)
  - SDWebImageSwiftUI (2.2.6):
    - SDWebImage (~> 5.10)

DEPENDENCIES:
  - SDWebImageSwiftUI (= 2.2.6)

SPEC REPOS:
  trunk:
    - SDWebImage
    - SDWebImageSwiftUI

SPEC CHECKSUMS:
  SDWebImage: 981fd7e860af070920f249fd092420006014c3eb
  SDWebImageSwiftUI: 3a8448b76833ed0e954a651be6c6f45faceed29d

PODFILE CHECKSUM: d3743dab78c95f3c307d328ce3e7f36525b22a6c

COCOAPODS: 1.15.2
